
Microsoft Visual Studio Solution File, Format Version 12.00
# Visual Studio Version 16
VisualStudioVersion = 16.0.30907.101
MinimumVisualStudioVersion = 10.0.40219.1
Project("{FAE04EC0-301F-11D3-BF4B-00C04F79EFBC}") = "CustomList_proj", "CustomList_proj\CustomList_proj.csproj", "{0847D017-83D2-4B38-BAEF-85E905235E27}"
EndProject
Project("{FAE04EC0-301F-11D3-BF4B-00C04F79EFBC}") = "CustomListUnitTest", "CustomListUnitTest\CustomListUnitTest.csproj", "{41E4FCA7-9A63-45E0-8783-94C565C20711}"
EndProject
Project("{2150E333-8FDC-42A3-9474-1A3956D46DE8}") = "Solution Items", "Solution Items", "{3386D4BC-BA01-4ABB-ADB0-4E7B67D9EC60}"
	ProjectSection(SolutionItems) = preProject
		MinusOperatorOverload.txt = MinusOperatorOverload.txt
	EndProjectSection
EndProject
Global
	GlobalSection(SolutionConfigurationPlatforms) = preSolution
		Debug|Any CPU = Debug|Any CPU
		Release|Any CPU = Release|Any CPU
	EndGlobalSection
	GlobalSection(ProjectConfigurationPlatforms) = postSolution
		{0847D017-83D2-4B38-BAEF-85E905235E27}.Debug|Any CPU.ActiveCfg = Debug|Any CPU
		{0847D017-83D2-4B38-BAEF-85E905235E27}.Debug|Any CPU.Build.0 = Debug|Any CPU
		{0847D017-83D2-4B38-BAEF-85E905235E27}.Release|Any CPU.ActiveCfg = Release|Any CPU
		{0847D017-83D2-4B38-BAEF-85E905235E27}.Release|Any CPU.Build.0 = Release|Any CPU
		{41E4FCA7-9A63-45E0-8783-94C565C20711}.Debug|Any CPU.ActiveCfg = Debug|Any CPU
		{41E4FCA7-9A63-45E0-8783-94C565C20711}.Debug|Any CPU.Build.0 = Debug|Any CPU
		{41E4FCA7-9A63-45E0-8783-94C565C20711}.Release|Any CPU.ActiveCfg = Release|Any CPU
		{41E4FCA7-9A63-45E0-8783-94C565C20711}.Release|Any CPU.Build.0 = Release|Any CPU
	EndGlobalSection
	GlobalSection(SolutionProperties) = preSolution
		HideSolutionNode = FALSE
	EndGlobalSection
	GlobalSection(ExtensibilityGlobals) = postSolution
		SolutionGuid = {4BD0669D-C51E-4198-B9A9-E0359F440766}
	EndGlobalSection
EndGlobal
